// !$*UTF8*$!
{
	archiveVersion = 1;
	classes = {
	};
	objectVersion = 50;
	objects = {

/* Begin PBXBuildFile section */
		CB2A99F227A1F67A0030DE85 /* AppDelegate.swift in Sources */ = {isa = PBXBuildFile; fileRef = CB2A99F127A1F67A0030DE85 /* AppDelegate.swift */; };
		CB2A99F427A1F67A0030DE85 /* SceneDelegate.swift in Sources */ = {isa = PBXBuildFile; fileRef = CB2A99F327A1F67A0030DE85 /* SceneDelegate.swift */; };
		CB2A99F627A1F67A0030DE85 /* ViewController.swift in Sources */ = {isa = PBXBuildFile; fileRef = CB2A99F527A1F67A0030DE85 /* ViewController.swift */; };
		CB2A99F927A1F67A0030DE85 /* Main.storyboard in Resources */ = {isa = PBXBuildFile; fileRef = CB2A99F727A1F67A0030DE85 /* Main.storyboard */; };
		CB2A99FB27A1F6840030DE85 /* Assets.xcassets in Resources */ = {isa = PBXBuildFile; fileRef = CB2A99FA27A1F6840030DE85 /* Assets.xcassets */; };
		CB2A99FE27A1F6840030DE85 /* LaunchScreen.storyboard in Resources */ = {isa = PBXBuildFile; fileRef = CB2A99FC27A1F6840030DE85 /* LaunchScreen.storyboard */; };
		CB2A9A0727A1F6AE0030DE85 /* UserListViewModel.swift in Sources */ = {isa = PBXBuildFile; fileRef = CB2A9A0627A1F6AE0030DE85 /* UserListViewModel.swift */; };
		CB2A9A0A27A1F6BF0030DE85 /* UserTableViewCellViewModel.swift in Sources */ = {isa = PBXBuildFile; fileRef = CB2A9A0927A1F6BF0030DE85 /* UserTableViewCellViewModel.swift */; };
		CB2A9A1127A1F70C0030DE85 /* User.swift in Sources */ = {isa = PBXBuildFile; fileRef = CB2A9A1027A1F70C0030DE85 /* User.swift */; };
		CB2A9A1527A1F7270030DE85 /* Observable.swift in Sources */ = {isa = PBXBuildFile; fileRef = CB2A9A1427A1F7270030DE85 /* Observable.swift */; };
		CB2A9A1D27A204D30030DE85 /* HttpClient.swift in Sources */ = {isa = PBXBuildFile; fileRef = CB2A9A1C27A204D30030DE85 /* HttpClient.swift */; };
/* End PBXBuildFile section */

/* Begin PBXFileReference section */
		CB2A99EE27A1F67A0030DE85 /* MVVM.app */ = {isa = PBXFileReference; explicitFileType = wrapper.application; includeInIndex = 0; path = MVVM.app; sourceTree = BUILT_PRODUCTS_DIR; };
		CB2A99F127A1F67A0030DE85 /* AppDelegate.swift */ = {isa = PBXFileReference; lastKnownFileType = sourcecode.swift; path = AppDelegate.swift; sourceTree = "<group>"; };
		CB2A99F327A1F67A0030DE85 /* SceneDelegate.swift */ = {isa = PBXFileReference; lastKnownFileType = sourcecode.swift; path = SceneDelegate.swift; sourceTree = "<group>"; };
		CB2A99F527A1F67A0030DE85 /* ViewController.swift */ = {isa = PBXFileReference; lastKnownFileType = sourcecode.swift; path = ViewController.swift; sourceTree = "<group>"; };
		CB2A99F827A1F67A0030DE85 /* Base */ = {isa = PBXFileReference; lastKnownFileType = file.storyboard; name = Base; path = Base.lproj/Main.storyboard; sourceTree = "<group>"; };
		CB2A99FA27A1F6840030DE85 /* Assets.xcassets */ = {isa = PBXFileReference; lastKnownFileType = folder.assetcatalog; path = Assets.xcassets; sourceTree = "<group>"; };
		CB2A99FD27A1F6840030DE85 /* Base */ = {isa = PBXFileReference; lastKnownFileType = file.storyboard; name = Base; path = Base.lproj/LaunchScreen.storyboard; sourceTree = "<group>"; };
		CB2A99FF27A1F6840030DE85 /* Info.plist */ = {isa = PBXFileReference; lastKnownFileType = text.plist.xml; path = Info.plist; sourceTree = "<group>"; };
		CB2A9A0627A1F6AE0030DE85 /* UserListViewModel.swift */ = {isa = PBXFileReference; lastKnownFileType = sourcecode.swift; path = UserListViewModel.swift; sourceTree = "<group>"; };
		CB2A9A0927A1F6BF0030DE85 /* UserTableViewCellViewModel.swift */ = {isa = PBXFileReference; lastKnownFileType = sourcecode.swift; path = UserTableViewCellViewModel.swift; sourceTree = "<group>"; };
		CB2A9A1027A1F70C0030DE85 /* User.swift */ = {isa = PBXFileReference; lastKnownFileType = sourcecode.swift; path = User.swift; sourceTree = "<group>"; };
		CB2A9A1427A1F7270030DE85 /* Observable.swift */ = {isa = PBXFileReference; lastKnownFileType = sourcecode.swift; path = Observable.swift; sourceTree = "<group>"; };
		CB2A9A1C27A204D30030DE85 /* HttpClient.swift */ = {isa = PBXFileReference; lastKnownFileType = sourcecode.swift; path = HttpClient.swift; sourceTree = "<group>"; };
/* End PBXFileReference section */

/* Begin PBXFrameworksBuildPhase section */
		CB2A99EB27A1F67A0030DE85 /* Frameworks */ = {
			isa = PBXFrameworksBuildPhase;
			buildActionMask = 2147483647;
			files = (
			);
			runOnlyForDeploymentPostprocessing = 0;
		};
/* End PBXFrameworksBuildPhase section */

/* Begin PBXGroup section */
		CB2A99E527A1F67A0030DE85 = {
			isa = PBXGroup;
			children = (
				CB2A99F027A1F67A0030DE85 /* MVVM */,
				CB2A99EF27A1F67A0030DE85 /* Products */,
			);
			sourceTree = "<group>";
		};
		CB2A99EF27A1F67A0030DE85 /* Products */ = {
			isa = PBXGroup;
			children = (
				CB2A99EE27A1F67A0030DE85 /* MVVM.app */,
			);
			name = Products;
			sourceTree = "<group>";
		};
		CB2A99F027A1F67A0030DE85 /* MVVM */ = {
			isa = PBXGroup;
			children = (
				CB2A9A1B27A204C80030DE85 /* Services */,
				CB2A9A1827A1F7340030DE85 /* Helpers */,
				CB2A9A1327A1F7100030DE85 /* Models */,
				CB2A9A0F27A1F6FA0030DE85 /* Controllers */,
				CB2A9A0E27A1F6DB0030DE85 /* ViewModels */,
				CB2A99F127A1F67A0030DE85 /* AppDelegate.swift */,
				CB2A99F327A1F67A0030DE85 /* SceneDelegate.swift */,
				CB2A99F727A1F67A0030DE85 /* Main.storyboard */,
				CB2A99FA27A1F6840030DE85 /* Assets.xcassets */,
				CB2A99FC27A1F6840030DE85 /* LaunchScreen.storyboard */,
				CB2A99FF27A1F6840030DE85 /* Info.plist */,
			);
			path = MVVM;
			sourceTree = "<group>";
		};
		CB2A9A0E27A1F6DB0030DE85 /* ViewModels */ = {
			isa = PBXGroup;
			children = (
				CB2A9A0627A1F6AE0030DE85 /* UserListViewModel.swift */,
				CB2A9A0927A1F6BF0030DE85 /* UserTableViewCellViewModel.swift */,
			);
			path = ViewModels;
			sourceTree = "<group>";
		};
		CB2A9A0F27A1F6FA0030DE85 /* Controllers */ = {
			isa = PBXGroup;
			children = (
				CB2A99F527A1F67A0030DE85 /* ViewController.swift */,
			);
			path = Controllers;
			sourceTree = "<group>";
		};
		CB2A9A1327A1F7100030DE85 /* Models */ = {
			isa = PBXGroup;
			children = (
				CB2A9A1027A1F70C0030DE85 /* User.swift */,
			);
			path = Models;
			sourceTree = "<group>";
		};
		CB2A9A1827A1F7340030DE85 /* Helpers */ = {
			isa = PBXGroup;
			children = (
				CB2A9A1427A1F7270030DE85 /* Observable.swift */,
			);
			path = Helpers;
			sourceTree = "<group>";
		};
		CB2A9A1B27A204C80030DE85 /* Services */ = {
			isa = PBXGroup;
			children = (
				CB2A9A1C27A204D30030DE85 /* HttpClient.swift */,
			);
			path = Services;
			sourceTree = "<group>";
		};
/* End PBXGroup section */

/* Begin PBXNativeTarget section */
		CB2A99ED27A1F67A0030DE85 /* MVVM */ = {
			isa = PBXNativeTarget;
			buildConfigurationList = CB2A9A0227A1F6840030DE85 /* Build configuration list for PBXNativeTarget "MVVM" */;
			buildPhases = (
				CB2A99EA27A1F67A0030DE85 /* Sources */,
				CB2A99EB27A1F67A0030DE85 /* Frameworks */,
				CB2A99EC27A1F67A0030DE85 /* Resources */,
			);
			buildRules = (
			);
			dependencies = (
			);
			name = MVVM;
			productName = MVVM;
			productReference = CB2A99EE27A1F67A0030DE85 /* MVVM.app */;
			productType = "com.apple.product-type.application";
		};
/* End PBXNativeTarget section */

/* Begin PBXProject section */
		CB2A99E627A1F67A0030DE85 /* Project object */ = {
			isa = PBXProject;
			attributes = {
				LastSwiftUpdateCheck = 1220;
				LastUpgradeCheck = 1220;
				TargetAttributes = {
					CB2A99ED27A1F67A0030DE85 = {
						CreatedOnToolsVersion = 12.2;
					};
				};
			};
			buildConfigurationList = CB2A99E927A1F67A0030DE85 /* Build configuration list for PBXProject "MVVM" */;
			compatibilityVersion = "Xcode 9.3";
			developmentRegion = en;
			hasScannedForEncodings = 0;
			knownRegions = (
				en,
				Base,
			);
			mainGroup = CB2A99E527A1F67A0030DE85;
			productRefGroup = CB2A99EF27A1F67A0030DE85 /* Products */;
			projectDirPath = "";
			projectRoot = "";
			targets = (
				CB2A99ED27A1F67A0030DE85 /* MVVM */,
			);
		};
/* End PBXProject section */

/* Begin PBXResourcesBuildPhase section */
		CB2A99EC27A1F67A0030DE85 /* Resources */ = {
			isa = PBXResourcesBuildPhase;
			buildActionMask = 2147483647;
			files = (
				CB2A99FE27A1F6840030DE85 /* LaunchScreen.storyboard in Resources */,
				CB2A99FB27A1F6840030DE85 /* Assets.xcassets in Resources */,
				CB2A99F927A1F67A0030DE85 /* Main.storyboard in Resources */,
			);
			runOnlyForDeploymentPostprocessing = 0;
		};
/* End PBXResourcesBuildPhase section */

/* Begin PBXSourcesBuildPhase section */
		CB2A99EA27A1F67A0030DE85 /* Sources */ = {
			isa = PBXSourcesBuildPhase;
			buildActionMask = 2147483647;
			files = (
				CB2A99F627A1F67A0030DE85 /* ViewController.swift in Sources */,
				CB2A9A1527A1F7270030DE85 /* Observable.swift in Sources */,
				CB2A9A1D27A204D30030DE85 /* HttpClient.swift in Sources */,
				CB2A9A0727A1F6AE0030DE85 /* UserListViewModel.swift in Sources */,
				CB2A9A1127A1F70C0030DE85 /* User.swift in Sources */,
				CB2A99F227A1F67A0030DE85 /* AppDelegate.swift in Sources */,
				CB2A9A0A27A1F6BF0030DE85 /* UserTableViewCellViewModel.swift in Sources */,
				CB2A99F427A1F67A0030DE85 /* SceneDelegate.swift in Sources */,
			);
			runOnlyForDeploymentPostprocessing = 0;
		};
/* End PBXSourcesBuildPhase section */

/* Begin PBXVariantGroup section */
		CB2A99F727A1F67A0030DE85 /* Main.storyboard */ = {
			isa = PBXVariantGroup;
			children = (
				CB2A99F827A1F67A0030DE85 /* Base */,
			);
			name = Main.storyboard;
			sourceTree = "<group>";
		};
		CB2A99FC27A1F6840030DE85 /* LaunchScreen.storyboard */ = {
			isa = PBXVariantGroup;
			children = (
				CB2A99FD27A1F6840030DE85 /* Base */,
			);
			name = LaunchScreen.storyboard;
			sourceTree = "<group>";
		};
/* End PBXVariantGroup section */

/* Begin XCBuildConfiguration section */
		CB2A9A0027A1F6840030DE85 /* Debug */ = {
			isa = XCBuildConfiguration;
			buildSettings = {
				ALWAYS_SEARCH_USER_PATHS = NO;
				CLANG_ANALYZER_NONNULL = YES;
				CLANG_ANALYZER_NUMBER_OBJECT_CONVERSION = YES_AGGRESSIVE;
				CLANG_CXX_LANGUAGE_STANDARD = "gnu++14";
				CLANG_CXX_LIBRARY = "libc++";
				CLANG_ENABLE_MODULES = YES;
				CLANG_ENABLE_OBJC_ARC = YES;
				CLANG_ENABLE_OBJC_WEAK = YES;
				CLANG_WARN_BLOCK_CAPTURE_AUTORELEASING = YES;
				CLANG_WARN_BOOL_CONVERSION = YES;
				CLANG_WARN_COMMA = YES;
				CLANG_WARN_CONSTANT_CONVERSION = YES;
				CLANG_WARN_DEPRECATED_OBJC_IMPLEMENTATIONS = YES;
				CLANG_WARN_DIRECT_OBJC_ISA_USAGE = YES_ERROR;
				CLANG_WARN_DOCUMENTATION_COMMENTS = YES;
				CLANG_WARN_EMPTY_BODY = YES;
				CLANG_WARN_ENUM_CONVERSION = YES;
				CLANG_WARN_INFINITE_RECURSION = YES;
				CLANG_WARN_INT_CONVERSION = YES;
				CLANG_WARN_NON_LITERAL_NULL_CONVERSION = YES;
				CLANG_WARN_OBJC_IMPLICIT_RETAIN_SELF = YES;
				CLANG_WARN_OBJC_LITERAL_CONVERSION = YES;
				CLANG_WARN_OBJC_ROOT_CLASS = YES_ERROR;
				CLANG_WARN_QUOTED_INCLUDE_IN_FRAMEWORK_HEADER = YES;
				CLANG_WARN_RANGE_LOOP_ANALYSIS = YES;
				CLANG_WARN_STRICT_PROTOTYPES = YES;
				CLANG_WARN_SUSPICIOUS_MOVE = YES;
				CLANG_WARN_UNGUARDED_AVAILABILITY = YES_AGGRESSIVE;
				CLANG_WARN_UNREACHABLE_CODE = YES;
				CLANG_WARN__DUPLICATE_METHOD_MATCH = YES;
				COPY_PHASE_STRIP = NO;
				DEBUG_INFORMATION_FORMAT = dwarf;
				ENABLE_STRICT_OBJC_MSGSEND = YES;
				ENABLE_TESTABILITY = YES;
				GCC_C_LANGUAGE_STANDARD = gnu11;
				GCC_DYNAMIC_NO_PIC = NO;
				GCC_NO_COMMON_BLOCKS = YES;
				GCC_OPTIMIZATION_LEVEL = 0;
				GCC_PREPROCESSOR_DEFINITIONS = (
					"DEBUG=1",
					"$(inherited)",
				);
				GCC_WARN_64_TO_32_BIT_CONVERSION = YES;
				GCC_WARN_ABOUT_RETURN_TYPE = YES_ERROR;
				GCC_WARN_UNDECLARED_SELECTOR = YES;
				GCC_WARN_UNINITIALIZED_AUTOS = YES_AGGRESSIVE;
				GCC_WARN_UNUSED_FUNCTION = YES;
				GCC_WARN_UNUSED_VARIABLE = YES;
				IPHONEOS_DEPLOYMENT_TARGET = 14.2;
				MTL_ENABLE_DEBUG_INFO = INCLUDE_SOURCE;
				MTL_FAST_MATH = YES;
				ONLY_ACTIVE_ARCH = YES;
				SDKROOT = iphoneos;
				SWIFT_ACTIVE_COMPILATION_CONDITIONS = DEBUG;
				SWIFT_OPTIMIZATION_LEVEL = "-Onone";
			};
			name = Debug;
		};
		CB2A9A0127A1F6840030DE85 /* Release */ = {
			isa = XCBuildConfiguration;
			buildSettings = {
				ALWAYS_SEARCH_USER_PATHS = NO;
				CLANG_ANALYZER_NONNULL = YES;
				CLANG_ANALYZER_NUMBER_OBJECT_CONVERSION = YES_AGGRESSIVE;
				CLANG_CXX_LANGUAGE_STANDARD = "gnu++14";
				CLANG_CXX_LIBRARY = "libc++";
				CLANG_ENABLE_MODULES = YES;
				CLANG_ENABLE_OBJC_ARC = YES;
				CLANG_ENABLE_OBJC_WEAK = YES;
				CLANG_WARN_BLOCK_CAPTURE_AUTORELEASING = YES;
				CLANG_WARN_BOOL_CONVERSION = YES;
				CLANG_WARN_COMMA = YES;
				CLANG_WARN_CONSTANT_CONVERSION = YES;
				CLANG_WARN_DEPRECATED_OBJC_IMPLEMENTATIONS = YES;
				CLANG_WARN_DIRECT_OBJC_ISA_USAGE = YES_ERROR;
				CLANG_WARN_DOCUMENTATION_COMMENTS = YES;
				CLANG_WARN_EMPTY_BODY = YES;
				CLANG_WARN_ENUM_CONVERSION = YES;
				CLANG_WARN_INFINITE_RECURSION = YES;
				CLANG_WARN_INT_CONVERSION = YES;
				CLANG_WARN_NON_LITERAL_NULL_CONVERSION = YES;
				CLANG_WARN_OBJC_IMPLICIT_RETAIN_SELF = YES;
				CLANG_WARN_OBJC_LITERAL_CONVERSION = YES;
				CLANG_WARN_OBJC_ROOT_CLASS = YES_ERROR;
				CLANG_WARN_QUOTED_INCLUDE_IN_FRAMEWORK_HEADER = YES;
				CLANG_WARN_RANGE_LOOP_ANALYSIS = YES;
				CLANG_WARN_STRICT_PROTOTYPES = YES;
				CLANG_WARN_SUSPICIOUS_MOVE = YES;
				CLANG_WARN_UNGUARDED_AVAILABILITY = YES_AGGRESSIVE;
				CLANG_WARN_UNREACHABLE_CODE = YES;
				CLANG_WARN__DUPLICATE_METHOD_MATCH = YES;
				COPY_PHASE_STRIP = NO;
				DEBUG_INFORMATION_FORMAT = "dwarf-with-dsym";
				ENABLE_NS_ASSERTIONS = NO;
				ENABLE_STRICT_OBJC_MSGSEND = YES;
				GCC_C_LANGUAGE_STANDARD = gnu11;
				GCC_NO_COMMON_BLOCKS = YES;
				GCC_WARN_64_TO_32_BIT_CONVERSION = YES;
				GCC_WARN_ABOUT_RETURN_TYPE = YES_ERROR;
				GCC_WARN_UNDECLARED_SELECTOR = YES;
				GCC_WARN_UNINITIALIZED_AUTOS = YES_AGGRESSIVE;
				GCC_WARN_UNUSED_FUNCTION = YES;
				GCC_WARN_UNUSED_VARIABLE = YES;
				IPHONEOS_DEPLOYMENT_TARGET = 14.2;
				MTL_ENABLE_DEBUG_INFO = NO;
				MTL_FAST_MATH = YES;
				SDKROOT = iphoneos;
				SWIFT_COMPILATION_MODE = wholemodule;
				SWIFT_OPTIMIZATION_LEVEL = "-O";
				VALIDATE_PRODUCT = YES;
			};
			name = Release;
		};
		CB2A9A0327A1F6840030DE85 /* Debug */ = {
			isa = XCBuildConfiguration;
			buildSettings = {
				ASSETCATALOG_COMPILER_APPICON_NAME = AppIcon;
				ASSETCATALOG_COMPILER_GLOBAL_ACCENT_COLOR_NAME = AccentColor;
				CODE_SIGN_STYLE = Automatic;
				DEVELOPMENT_TEAM = K8M973GY56;
				INFOPLIST_FILE = MVVM/Info.plist;
				LD_RUNPATH_SEARCH_PATHS = (
					"$(inherited)",
					"@executable_path/Frameworks",
				);
				PRODUCT_BUNDLE_IDENTIFIER = com.merouanebellaha.MVVM;
				PRODUCT_NAME = "$(TARGET_NAME)";
				SWIFT_VERSION = 5.0;
				TARGETED_DEVICE_FAMILY = "1,2";
			};
			name = Debug;
		};
		CB2A9A0427A1F6840030DE85 /* Release */ = {
			isa = XCBuildConfiguration;
			buildSettings = {
				ASSETCATALOG_COMPILER_APPICON_NAME = AppIcon;
				ASSETCATALOG_COMPILER_GLOBAL_ACCENT_COLOR_NAME = AccentColor;
				CODE_SIGN_STYLE = Automatic;
				DEVELOPMENT_TEAM = K8M973GY56;
				INFOPLIST_FILE = MVVM/Info.plist;
				LD_RUNPATH_SEARCH_PATHS = (
					"$(inherited)",
					"@executable_path/Frameworks",
				);
				PRODUCT_BUNDLE_IDENTIFIER = com.merouanebellaha.MVVM;
				PRODUCT_NAME = "$(TARGET_NAME)";
				SWIFT_VERSION = 5.0;
				TARGETED_DEVICE_FAMILY = "1,2";
			};
			name = Release;
		};
/* End XCBuildConfiguration section */

/* Begin XCConfigurationList section */
		CB2A99E927A1F67A0030DE85 /* Build configuration list for PBXProject "MVVM" */ = {
			isa = XCConfigurationList;
			buildConfigurations = (
				CB2A9A0027A1F6840030DE85 /* Debug */,
				CB2A9A0127A1F6840030DE85 /* Release */,
			);
			defaultConfigurationIsVisible = 0;
			defaultConfigurationName = Release;
		};
		CB2A9A0227A1F6840030DE85 /* Build configuration list for PBXNativeTarget "MVVM" */ = {
			isa = XCConfigurationList;
			buildConfigurations = (
				CB2A9A0327A1F6840030DE85 /* Debug */,
				CB2A9A0427A1F6840030DE85 /* Release */,
			);
			defaultConfigurationIsVisible = 0;
			defaultConfigurationName = Release;
		};
/* End XCConfigurationList section */
	};
	rootObject = CB2A99E627A1F67A0030DE85 /* Project object */;
}
